
Microsoft Visual Studio Solution File, Format Version 12.00
# Visual Studio Version 17
VisualStudioVersion = 17.14.36414.22 d17.14
MinimumVisualStudioVersion = 10.0.40219.1
Project("{FAE04EC0-301F-11D3-BF4B-00C04F79EFBC}") = "EmployeeRegApp", "EmployeeRegApp\EmployeeRegApp.csproj", "{F26A8974-A68E-4B7C-9311-92E593083E53}"
EndProject
Global
	GlobalSection(SolutionConfigurationPlatforms) = preSolution
		Debug|Any CPU = Debug|Any CPU
		Release|Any CPU = Release|Any CPU
	EndGlobalSection
	GlobalSection(ProjectConfigurationPlatforms) = postSolution
		{F26A8974-A68E-4B7C-9311-92E593083E53}.Debug|Any CPU.ActiveCfg = Debug|Any CPU
		{F26A8974-A68E-4B7C-9311-92E593083E53}.Debug|Any CPU.Build.0 = Debug|Any CPU
		{F26A8974-A68E-4B7C-9311-92E593083E53}.Release|Any CPU.ActiveCfg = Release|Any CPU
		{F26A8974-A68E-4B7C-9311-92E593083E53}.Release|Any CPU.Build.0 = Release|Any CPU
	EndGlobalSection
	GlobalSection(SolutionProperties) = preSolution
		HideSolutionNode = FALSE
	EndGlobalSection
	GlobalSection(ExtensibilityGlobals) = postSolution
		SolutionGuid = {92861E71-7A80-4CF5-B2CC-1A5079C2E303}
	EndGlobalSection
EndGlobal
